// !$*UTF8*$!
{
	archiveVersion = 1;
	classes = {
	};
	objectVersion = 48;
	objects = {

/* Begin PBXBuildFile section */
		AB18ADF51FBBFE380001CBFF /* AppDelegate.swift in Sources */ = {isa = PBXBuildFile; fileRef = AB18ADF41FBBFE380001CBFF /* AppDelegate.swift */; };
		AB18ADF71FBBFE380001CBFF /* ViewController.swift in Sources */ = {isa = PBXBuildFile; fileRef = AB18ADF61FBBFE380001CBFF /* ViewController.swift */; };
		AB18ADFA1FBBFE380001CBFF /* Main.storyboard in Resources */ = {isa = PBXBuildFile; fileRef = AB18ADF81FBBFE380001CBFF /* Main.storyboard */; };
		AB18ADFC1FBBFE380001CBFF /* Assets.xcassets in Resources */ = {isa = PBXBuildFile; fileRef = AB18ADFB1FBBFE380001CBFF /* Assets.xcassets */; };
		AB18ADFF1FBBFE380001CBFF /* LaunchScreen.storyboard in Resources */ = {isa = PBXBuildFile; fileRef = AB18ADFD1FBBFE380001CBFF /* LaunchScreen.storyboard */; };
		ABED24991FC8718200A16C34 /* test.c in Sources */ = {isa = PBXBuildFile; fileRef = ABED24981FC8718200A16C34 /* test.c */; };
		ABED249D1FC873EA00A16C34 /* conflictTest.cpp in Sources */ = {isa = PBXBuildFile; fileRef = ABED249B1FC873EA00A16C34 /* conflictTest.cpp */; };
/* End PBXBuildFile section */

/* Begin PBXFileReference section */
		AB18ADF11FBBFE380001CBFF /* GitTests.app */ = {isa = PBXFileReference; explicitFileType = wrapper.application; includeInIndex = 0; path = GitTests.app; sourceTree = BUILT_PRODUCTS_DIR; };
		AB18ADF41FBBFE380001CBFF /* AppDelegate.swift */ = {isa = PBXFileReference; lastKnownFileType = sourcecode.swift; path = AppDelegate.swift; sourceTree = "<group>"; };
		AB18ADF61FBBFE380001CBFF /* ViewController.swift */ = {isa = PBXFileReference; lastKnownFileType = sourcecode.swift; path = ViewController.swift; sourceTree = "<group>"; };
		AB18ADF91FBBFE380001CBFF /* Base */ = {isa = PBXFileReference; lastKnownFileType = file.storyboard; name = Base; path = Base.lproj/Main.storyboard; sourceTree = "<group>"; };
		AB18ADFB1FBBFE380001CBFF /* Assets.xcassets */ = {isa = PBXFileReference; lastKnownFileType = folder.assetcatalog; path = Assets.xcassets; sourceTree = "<group>"; };
		AB18ADFE1FBBFE380001CBFF /* Base */ = {isa = PBXFileReference; lastKnownFileType = file.storyboard; name = Base; path = Base.lproj/LaunchScreen.storyboard; sourceTree = "<group>"; };
		AB18AE001FBBFE380001CBFF /* Info.plist */ = {isa = PBXFileReference; lastKnownFileType = text.plist.xml; path = Info.plist; sourceTree = "<group>"; };
		ABED24971FC8718100A16C34 /* test.h */ = {isa = PBXFileReference; lastKnownFileType = sourcecode.c.h; path = test.h; sourceTree = "<group>"; };
		ABED24981FC8718200A16C34 /* test.c */ = {isa = PBXFileReference; lastKnownFileType = sourcecode.c.c; path = test.c; sourceTree = "<group>"; };
		ABED249B1FC873EA00A16C34 /* conflictTest.cpp */ = {isa = PBXFileReference; lastKnownFileType = sourcecode.cpp.cpp; path = conflictTest.cpp; sourceTree = "<group>"; };
		ABED249C1FC873EA00A16C34 /* conflictTest.hpp */ = {isa = PBXFileReference; lastKnownFileType = sourcecode.cpp.h; path = conflictTest.hpp; sourceTree = "<group>"; };
/* End PBXFileReference section */

/* Begin PBXFrameworksBuildPhase section */
		AB18ADEE1FBBFE380001CBFF /* Frameworks */ = {
			isa = PBXFrameworksBuildPhase;
			buildActionMask = 2147483647;
			files = (
			);
			runOnlyForDeploymentPostprocessing = 0;
		};
/* End PBXFrameworksBuildPhase section */

/* Begin PBXGroup section */
		AB18ADE81FBBFE380001CBFF = {
			isa = PBXGroup;
			children = (
				AB18ADF31FBBFE380001CBFF /* GitTests */,
				AB18ADF21FBBFE380001CBFF /* Products */,
			);
			sourceTree = "<group>";
		};
		AB18ADF21FBBFE380001CBFF /* Products */ = {
			isa = PBXGroup;
			children = (
				AB18ADF11FBBFE380001CBFF /* GitTests.app */,
			);
			name = Products;
			sourceTree = "<group>";
		};
		AB18ADF31FBBFE380001CBFF /* GitTests */ = {
			isa = PBXGroup;
			children = (
				ABED249A1FC873BD00A16C34 /* conflictのテスト */,
				ABED24961FC8714700A16C34 /* branchテスト用フォルダ */,
				AB18ADF41FBBFE380001CBFF /* AppDelegate.swift */,
				AB18ADF61FBBFE380001CBFF /* ViewController.swift */,
				AB18ADF81FBBFE380001CBFF /* Main.storyboard */,
				AB18ADFB1FBBFE380001CBFF /* Assets.xcassets */,
				AB18ADFD1FBBFE380001CBFF /* LaunchScreen.storyboard */,
				AB18AE001FBBFE380001CBFF /* Info.plist */,
			);
			path = GitTests;
			sourceTree = "<group>";
		};
		ABED24961FC8714700A16C34 /* branchテスト用フォルダ */ = {
			isa = PBXGroup;
			children = (
				ABED24971FC8718100A16C34 /* test.h */,
				ABED24981FC8718200A16C34 /* test.c */,
			);
			name = "branchテスト用フォルダ";
			path = "branchテスト用フォルダ";
			sourceTree = "<group>";
		};
		ABED249A1FC873BD00A16C34 /* conflictのテスト */ = {
			isa = PBXGroup;
			children = (
				ABED249B1FC873EA00A16C34 /* conflictTest.cpp */,
				ABED249C1FC873EA00A16C34 /* conflictTest.hpp */,
			);
			path = "conflictのテスト";
			sourceTree = "<group>";
		};
/* End PBXGroup section */

/* Begin PBXNativeTarget section */
		AB18ADF01FBBFE380001CBFF /* GitTests */ = {
			isa = PBXNativeTarget;
			buildConfigurationList = AB18AE031FBBFE380001CBFF /* Build configuration list for PBXNativeTarget "GitTests" */;
			buildPhases = (
				AB18ADED1FBBFE380001CBFF /* Sources */,
				AB18ADEE1FBBFE380001CBFF /* Frameworks */,
				AB18ADEF1FBBFE380001CBFF /* Resources */,
			);
			buildRules = (
			);
			dependencies = (
			);
			name = GitTests;
			productName = GitTests;
			productReference = AB18ADF11FBBFE380001CBFF /* GitTests.app */;
			productType = "com.apple.product-type.application";
		};
/* End PBXNativeTarget section */

/* Begin PBXProject section */
		AB18ADE91FBBFE380001CBFF /* Project object */ = {
			isa = PBXProject;
			attributes = {
				LastSwiftUpdateCheck = 0910;
				LastUpgradeCheck = 0910;
				ORGANIZATIONNAME = "Univ-ryukyu";
				TargetAttributes = {
					AB18ADF01FBBFE380001CBFF = {
						CreatedOnToolsVersion = 9.1;
						LastSwiftMigration = 0910;
						ProvisioningStyle = Automatic;
					};
				};
			};
			buildConfigurationList = AB18ADEC1FBBFE380001CBFF /* Build configuration list for PBXProject "GitTests" */;
			compatibilityVersion = "Xcode 8.0";
			developmentRegion = en;
			hasScannedForEncodings = 0;
			knownRegions = (
				en,
				Base,
			);
			mainGroup = AB18ADE81FBBFE380001CBFF;
			productRefGroup = AB18ADF21FBBFE380001CBFF /* Products */;
			projectDirPath = "";
			projectRoot = "";
			targets = (
				AB18ADF01FBBFE380001CBFF /* GitTests */,
			);
		};
/* End PBXProject section */

/* Begin PBXResourcesBuildPhase section */
		AB18ADEF1FBBFE380001CBFF /* Resources */ = {
			isa = PBXResourcesBuildPhase;
			buildActionMask = 2147483647;
			files = (
				AB18ADFF1FBBFE380001CBFF /* LaunchScreen.storyboard in Resources */,
				AB18ADFC1FBBFE380001CBFF /* Assets.xcassets in Resources */,
				AB18ADFA1FBBFE380001CBFF /* Main.storyboard in Resources */,
			);
			runOnlyForDeploymentPostprocessing = 0;
		};
/* End PBXResourcesBuildPhase section */

/* Begin PBXSourcesBuildPhase section */
		AB18ADED1FBBFE380001CBFF /* Sources */ = {
			isa = PBXSourcesBuildPhase;
			buildActionMask = 2147483647;
			files = (
				ABED24991FC8718200A16C34 /* test.c in Sources */,
				AB18ADF71FBBFE380001CBFF /* ViewController.swift in Sources */,
				AB18ADF51FBBFE380001CBFF /* AppDelegate.swift in Sources */,
				ABED249D1FC873EA00A16C34 /* conflictTest.cpp in Sources */,
			);
			runOnlyForDeploymentPostprocessing = 0;
		};
/* End PBXSourcesBuildPhase section */

/* Begin PBXVariantGroup section */
		AB18ADF81FBBFE380001CBFF /* Main.storyboard */ = {
			isa = PBXVariantGroup;
			children = (
				AB18ADF91FBBFE380001CBFF /* Base */,
			);
			name = Main.storyboard;
			sourceTree = "<group>";
		};
		AB18ADFD1FBBFE380001CBFF /* LaunchScreen.storyboard */ = {
			isa = PBXVariantGroup;
			children = (
				AB18ADFE1FBBFE380001CBFF /* Base */,
			);
			name = LaunchScreen.storyboard;
			sourceTree = "<group>";
		};
/* End PBXVariantGroup section */

/* Begin XCBuildConfiguration section */
		AB18AE011FBBFE380001CBFF /* Debug */ = {
			isa = XCBuildConfiguration;
			buildSettings = {
				ALWAYS_SEARCH_USER_PATHS = NO;
				CLANG_ANALYZER_NONNULL = YES;
				CLANG_ANALYZER_NUMBER_OBJECT_CONVERSION = YES_AGGRESSIVE;
				CLANG_CXX_LANGUAGE_STANDARD = "gnu++14";
				CLANG_CXX_LIBRARY = "libc++";
				CLANG_ENABLE_MODULES = YES;
				CLANG_ENABLE_OBJC_ARC = YES;
				CLANG_WARN_BLOCK_CAPTURE_AUTORELEASING = YES;
				CLANG_WARN_BOOL_CONVERSION = YES;
				CLANG_WARN_COMMA = YES;
				CLANG_WARN_CONSTANT_CONVERSION = YES;
				CLANG_WARN_DIRECT_OBJC_ISA_USAGE = YES_ERROR;
				CLANG_WARN_DOCUMENTATION_COMMENTS = YES;
				CLANG_WARN_EMPTY_BODY = YES;
				CLANG_WARN_ENUM_CONVERSION = YES;
				CLANG_WARN_INFINITE_RECURSION = YES;
				CLANG_WARN_INT_CONVERSION = YES;
				CLANG_WARN_NON_LITERAL_NULL_CONVERSION = YES;
				CLANG_WARN_OBJC_LITERAL_CONVERSION = YES;
				CLANG_WARN_OBJC_ROOT_CLASS = YES_ERROR;
				CLANG_WARN_RANGE_LOOP_ANALYSIS = YES;
				CLANG_WARN_STRICT_PROTOTYPES = YES;
				CLANG_WARN_SUSPICIOUS_MOVE = YES;
				CLANG_WARN_UNGUARDED_AVAILABILITY = YES_AGGRESSIVE;
				CLANG_WARN_UNREACHABLE_CODE = YES;
				CLANG_WARN__DUPLICATE_METHOD_MATCH = YES;
				CODE_SIGN_IDENTITY = "iPhone Developer";
				COPY_PHASE_STRIP = NO;
				DEBUG_INFORMATION_FORMAT = dwarf;
				ENABLE_STRICT_OBJC_MSGSEND = YES;
				ENABLE_TESTABILITY = YES;
				GCC_C_LANGUAGE_STANDARD = gnu11;
				GCC_DYNAMIC_NO_PIC = NO;
				GCC_NO_COMMON_BLOCKS = YES;
				GCC_OPTIMIZATION_LEVEL = 0;
				GCC_PREPROCESSOR_DEFINITIONS = (
					"DEBUG=1",
					"$(inherited)",
				);
				GCC_WARN_64_TO_32_BIT_CONVERSION = YES;
				GCC_WARN_ABOUT_RETURN_TYPE = YES_ERROR;
				GCC_WARN_UNDECLARED_SELECTOR = YES;
				GCC_WARN_UNINITIALIZED_AUTOS = YES_AGGRESSIVE;
				GCC_WARN_UNUSED_FUNCTION = YES;
				GCC_WARN_UNUSED_VARIABLE = YES;
				IPHONEOS_DEPLOYMENT_TARGET = 11.1;
				MTL_ENABLE_DEBUG_INFO = YES;
				ONLY_ACTIVE_ARCH = YES;
				SDKROOT = iphoneos;
				SWIFT_ACTIVE_COMPILATION_CONDITIONS = DEBUG;
				SWIFT_OPTIMIZATION_LEVEL = "-Onone";
			};
			name = Debug;
		};
		AB18AE021FBBFE380001CBFF /* Release */ = {
			isa = XCBuildConfiguration;
			buildSettings = {
				ALWAYS_SEARCH_USER_PATHS = NO;
				CLANG_ANALYZER_NONNULL = YES;
				CLANG_ANALYZER_NUMBER_OBJECT_CONVERSION = YES_AGGRESSIVE;
				CLANG_CXX_LANGUAGE_STANDARD = "gnu++14";
				CLANG_CXX_LIBRARY = "libc++";
				CLANG_ENABLE_MODULES = YES;
				CLANG_ENABLE_OBJC_ARC = YES;
				CLANG_WARN_BLOCK_CAPTURE_AUTORELEASING = YES;
				CLANG_WARN_BOOL_CONVERSION = YES;
				CLANG_WARN_COMMA = YES;
				CLANG_WARN_CONSTANT_CONVERSION = YES;
				CLANG_WARN_DIRECT_OBJC_ISA_USAGE = YES_ERROR;
				CLANG_WARN_DOCUMENTATION_COMMENTS = YES;
				CLANG_WARN_EMPTY_BODY = YES;
				CLANG_WARN_ENUM_CONVERSION = YES;
				CLANG_WARN_INFINITE_RECURSION = YES;
				CLANG_WARN_INT_CONVERSION = YES;
				CLANG_WARN_NON_LITERAL_NULL_CONVERSION = YES;
				CLANG_WARN_OBJC_LITERAL_CONVERSION = YES;
				CLANG_WARN_OBJC_ROOT_CLASS = YES_ERROR;
				CLANG_WARN_RANGE_LOOP_ANALYSIS = YES;
				CLANG_WARN_STRICT_PROTOTYPES = YES;
				CLANG_WARN_SUSPICIOUS_MOVE = YES;
				CLANG_WARN_UNGUARDED_AVAILABILITY = YES_AGGRESSIVE;
				CLANG_WARN_UNREACHABLE_CODE = YES;
				CLANG_WARN__DUPLICATE_METHOD_MATCH = YES;
				CODE_SIGN_IDENTITY = "iPhone Developer";
				COPY_PHASE_STRIP = NO;
				DEBUG_INFORMATION_FORMAT = "dwarf-with-dsym";
				ENABLE_NS_ASSERTIONS = NO;
				ENABLE_STRICT_OBJC_MSGSEND = YES;
				GCC_C_LANGUAGE_STANDARD = gnu11;
				GCC_NO_COMMON_BLOCKS = YES;
				GCC_WARN_64_TO_32_BIT_CONVERSION = YES;
				GCC_WARN_ABOUT_RETURN_TYPE = YES_ERROR;
				GCC_WARN_UNDECLARED_SELECTOR = YES;
				GCC_WARN_UNINITIALIZED_AUTOS = YES_AGGRESSIVE;
				GCC_WARN_UNUSED_FUNCTION = YES;
				GCC_WARN_UNUSED_VARIABLE = YES;
				IPHONEOS_DEPLOYMENT_TARGET = 11.1;
				MTL_ENABLE_DEBUG_INFO = NO;
				SDKROOT = iphoneos;
				SWIFT_OPTIMIZATION_LEVEL = "-Owholemodule";
				VALIDATE_PRODUCT = YES;
			};
			name = Release;
		};
		AB18AE041FBBFE380001CBFF /* Debug */ = {
			isa = XCBuildConfiguration;
			buildSettings = {
				ASSETCATALOG_COMPILER_APPICON_NAME = AppIcon;
				CLANG_ENABLE_MODULES = YES;
				CODE_SIGN_STYLE = Automatic;
				INFOPLIST_FILE = GitTests/Info.plist;
				LD_RUNPATH_SEARCH_PATHS = "$(inherited) @executable_path/Frameworks";
				PRODUCT_BUNDLE_IDENTIFIER = "cat-s-eye.ie.ryukyu.GitTests";
				PRODUCT_NAME = "$(TARGET_NAME)";
				SWIFT_OPTIMIZATION_LEVEL = "-Onone";
				SWIFT_VERSION = 4.0;
				TARGETED_DEVICE_FAMILY = "1,2";
			};
			name = Debug;
		};
		AB18AE051FBBFE380001CBFF /* Release */ = {
			isa = XCBuildConfiguration;
			buildSettings = {
				ASSETCATALOG_COMPILER_APPICON_NAME = AppIcon;
				CLANG_ENABLE_MODULES = YES;
				CODE_SIGN_STYLE = Automatic;
				INFOPLIST_FILE = GitTests/Info.plist;
				LD_RUNPATH_SEARCH_PATHS = "$(inherited) @executable_path/Frameworks";
				PRODUCT_BUNDLE_IDENTIFIER = "cat-s-eye.ie.ryukyu.GitTests";
				PRODUCT_NAME = "$(TARGET_NAME)";
				SWIFT_VERSION = 4.0;
				TARGETED_DEVICE_FAMILY = "1,2";
			};
			name = Release;
		};
/* End XCBuildConfiguration section */

/* Begin XCConfigurationList section */
		AB18ADEC1FBBFE380001CBFF /* Build configuration list for PBXProject "GitTests" */ = {
			isa = XCConfigurationList;
			buildConfigurations = (
				AB18AE011FBBFE380001CBFF /* Debug */,
				AB18AE021FBBFE380001CBFF /* Release */,
			);
			defaultConfigurationIsVisible = 0;
			defaultConfigurationName = Release;
		};
		AB18AE031FBBFE380001CBFF /* Build configuration list for PBXNativeTarget "GitTests" */ = {
			isa = XCConfigurationList;
			buildConfigurations = (
				AB18AE041FBBFE380001CBFF /* Debug */,
				AB18AE051FBBFE380001CBFF /* Release */,
			);
			defaultConfigurationIsVisible = 0;
			defaultConfigurationName = Release;
		};
/* End XCConfigurationList section */
	};
	rootObject = AB18ADE91FBBFE380001CBFF /* Project object */;
}
